
Microsoft Visual Studio Solution File, Format Version 12.00
# Visual Studio Version 16
VisualStudioVersion = 16.0.29709.97
MinimumVisualStudioVersion = 15.0.26124.0
Project("{9A19103F-16F7-4668-BE54-9A1E7A4F7556}") = "API", "API\API.csproj", "{1CDC079D-C75F-4591-8C87-5D20C6020680}"
EndProject
Project("{FAE04EC0-301F-11D3-BF4B-00C04F79EFBC}") = "Domain", "Domains\Domain.csproj", "{F9DC6E4C-ED99-406D-8FC0-7363F37C8C5C}"
EndProject
Project("{FAE04EC0-301F-11D3-BF4B-00C04F79EFBC}") = "Persistence", "Persistences\Persistence.csproj", "{5B752F30-ABE3-49A2-985D-83A7D3D39B9F}"
EndProject
Project("{FAE04EC0-301F-11D3-BF4B-00C04F79EFBC}") = "Application", "Applications\Application.csproj", "{0A32F202-5C5A-4F8A-B954-9E03841C1DB6}"
EndProject
Global
	GlobalSection(SolutionConfigurationPlatforms) = preSolution
		Debug|Any CPU = Debug|Any CPU
		Debug|x64 = Debug|x64
		Debug|x86 = Debug|x86
		Release|Any CPU = Release|Any CPU
		Release|x64 = Release|x64
		Release|x86 = Release|x86
	EndGlobalSection
	GlobalSection(ProjectConfigurationPlatforms) = postSolution
		{1CDC079D-C75F-4591-8C87-5D20C6020680}.Debug|Any CPU.ActiveCfg = Debug|Any CPU
		{1CDC079D-C75F-4591-8C87-5D20C6020680}.Debug|Any CPU.Build.0 = Debug|Any CPU
		{1CDC079D-C75F-4591-8C87-5D20C6020680}.Debug|x64.ActiveCfg = Debug|Any CPU
		{1CDC079D-C75F-4591-8C87-5D20C6020680}.Debug|x64.Build.0 = Debug|Any CPU
		{1CDC079D-C75F-4591-8C87-5D20C6020680}.Debug|x86.ActiveCfg = Debug|Any CPU
		{1CDC079D-C75F-4591-8C87-5D20C6020680}.Debug|x86.Build.0 = Debug|Any CPU
		{1CDC079D-C75F-4591-8C87-5D20C6020680}.Release|Any CPU.ActiveCfg = Release|Any CPU
		{1CDC079D-C75F-4591-8C87-5D20C6020680}.Release|Any CPU.Build.0 = Release|Any CPU
		{1CDC079D-C75F-4591-8C87-5D20C6020680}.Release|x64.ActiveCfg = Release|Any CPU
		{1CDC079D-C75F-4591-8C87-5D20C6020680}.Release|x64.Build.0 = Release|Any CPU
		{1CDC079D-C75F-4591-8C87-5D20C6020680}.Release|x86.ActiveCfg = Release|Any CPU
		{1CDC079D-C75F-4591-8C87-5D20C6020680}.Release|x86.Build.0 = Release|Any CPU
		{F9DC6E4C-ED99-406D-8FC0-7363F37C8C5C}.Debug|Any CPU.ActiveCfg = Debug|Any CPU
		{F9DC6E4C-ED99-406D-8FC0-7363F37C8C5C}.Debug|Any CPU.Build.0 = Debug|Any CPU
		{F9DC6E4C-ED99-406D-8FC0-7363F37C8C5C}.Debug|x64.ActiveCfg = Debug|Any CPU
		{F9DC6E4C-ED99-406D-8FC0-7363F37C8C5C}.Debug|x64.Build.0 = Debug|Any CPU
		{F9DC6E4C-ED99-406D-8FC0-7363F37C8C5C}.Debug|x86.ActiveCfg = Debug|Any CPU
		{F9DC6E4C-ED99-406D-8FC0-7363F37C8C5C}.Debug|x86.Build.0 = Debug|Any CPU
		{F9DC6E4C-ED99-406D-8FC0-7363F37C8C5C}.Release|Any CPU.ActiveCfg = Release|Any CPU
		{F9DC6E4C-ED99-406D-8FC0-7363F37C8C5C}.Release|Any CPU.Build.0 = Release|Any CPU
		{F9DC6E4C-ED99-406D-8FC0-7363F37C8C5C}.Release|x64.ActiveCfg = Release|Any CPU
		{F9DC6E4C-ED99-406D-8FC0-7363F37C8C5C}.Release|x64.Build.0 = Release|Any CPU
		{F9DC6E4C-ED99-406D-8FC0-7363F37C8C5C}.Release|x86.ActiveCfg = Release|Any CPU
		{F9DC6E4C-ED99-406D-8FC0-7363F37C8C5C}.Release|x86.Build.0 = Release|Any CPU
		{5B752F30-ABE3-49A2-985D-83A7D3D39B9F}.Debug|Any CPU.ActiveCfg = Debug|Any CPU
		{5B752F30-ABE3-49A2-985D-83A7D3D39B9F}.Debug|Any CPU.Build.0 = Debug|Any CPU
		{5B752F30-ABE3-49A2-985D-83A7D3D39B9F}.Debug|x64.ActiveCfg = Debug|Any CPU
		{5B752F30-ABE3-49A2-985D-83A7D3D39B9F}.Debug|x64.Build.0 = Debug|Any CPU
		{5B752F30-ABE3-49A2-985D-83A7D3D39B9F}.Debug|x86.ActiveCfg = Debug|Any CPU
		{5B752F30-ABE3-49A2-985D-83A7D3D39B9F}.Debug|x86.Build.0 = Debug|Any CPU
		{5B752F30-ABE3-49A2-985D-83A7D3D39B9F}.Release|Any CPU.ActiveCfg = Release|Any CPU
		{5B752F30-ABE3-49A2-985D-83A7D3D39B9F}.Release|Any CPU.Build.0 = Release|Any CPU
		{5B752F30-ABE3-49A2-985D-83A7D3D39B9F}.Release|x64.ActiveCfg = Release|Any CPU
		{5B752F30-ABE3-49A2-985D-83A7D3D39B9F}.Release|x64.Build.0 = Release|Any CPU
		{5B752F30-ABE3-49A2-985D-83A7D3D39B9F}.Release|x86.ActiveCfg = Release|Any CPU
		{5B752F30-ABE3-49A2-985D-83A7D3D39B9F}.Release|x86.Build.0 = Release|Any CPU
		{0A32F202-5C5A-4F8A-B954-9E03841C1DB6}.Debug|Any CPU.ActiveCfg = Debug|Any CPU
		{0A32F202-5C5A-4F8A-B954-9E03841C1DB6}.Debug|Any CPU.Build.0 = Debug|Any CPU
		{0A32F202-5C5A-4F8A-B954-9E03841C1DB6}.Debug|x64.ActiveCfg = Debug|Any CPU
		{0A32F202-5C5A-4F8A-B954-9E03841C1DB6}.Debug|x64.Build.0 = Debug|Any CPU
		{0A32F202-5C5A-4F8A-B954-9E03841C1DB6}.Debug|x86.ActiveCfg = Debug|Any CPU
		{0A32F202-5C5A-4F8A-B954-9E03841C1DB6}.Debug|x86.Build.0 = Debug|Any CPU
		{0A32F202-5C5A-4F8A-B954-9E03841C1DB6}.Release|Any CPU.ActiveCfg = Release|Any CPU
		{0A32F202-5C5A-4F8A-B954-9E03841C1DB6}.Release|Any CPU.Build.0 = Release|Any CPU
		{0A32F202-5C5A-4F8A-B954-9E03841C1DB6}.Release|x64.ActiveCfg = Release|Any CPU
		{0A32F202-5C5A-4F8A-B954-9E03841C1DB6}.Release|x64.Build.0 = Release|Any CPU
		{0A32F202-5C5A-4F8A-B954-9E03841C1DB6}.Release|x86.ActiveCfg = Release|Any CPU
		{0A32F202-5C5A-4F8A-B954-9E03841C1DB6}.Release|x86.Build.0 = Release|Any CPU
	EndGlobalSection
	GlobalSection(SolutionProperties) = preSolution
		HideSolutionNode = FALSE
	EndGlobalSection
	GlobalSection(ExtensibilityGlobals) = postSolution
		SolutionGuid = {1D9B73FE-0252-4D8E-8C75-8B3B94F7415D}
	EndGlobalSection
EndGlobal
